// !$*UTF8*$!
{
	archiveVersion = 1;
	classes = {
	};
	objectVersion = 77;
	objects = {

/* Begin PBXBuildFile section */
		07B462882FA64859009B2513 /* WhisperBridge.mm in Sources */ = {isa = PBXBuildFile; fileRef = 07B462872FA64859009B2513 /* WhisperBridge.mm */; };
		07B4628A2FA648A8009B2513 /* AudioStreamManager.swift in Sources */ = {isa = PBXBuildFile; fileRef = 07B462892FA648A8009B2513 /* AudioStreamManager.swift */; };
		07B4628C2FA648A8009B2513 /* TranscriptionEngine.swift in Sources */ = {isa = PBXBuildFile; fileRef = 07B4628B2FA648A8009B2513 /* TranscriptionEngine.swift */; };
		07B4628E2FA648A8009B2513 /* EditorInsertionManager.swift in Sources */ = {isa = PBXBuildFile; fileRef = 07B4628D2FA648A8009B2513 /* EditorInsertionManager.swift */; };
		07B462902FA648A8009B2513 /* WhisperManager.swift in Sources */ = {isa = PBXBuildFile; fileRef = 07B4628F2FA648A8009B2513 /* WhisperManager.swift */; };
		07B462A42FA77A75009B2513 /* libggml-base.a in Frameworks */ = {isa = PBXBuildFile; fileRef = 07B462A32FA77A75009B2513 /* libggml-base.a */; };
		07B462A62FA77A99009B2513 /* libwhisper.a in Frameworks */ = {isa = PBXBuildFile; fileRef = 07B462A52FA77A99009B2513 /* libwhisper.a */; };
		07B462A82FA77AD7009B2513 /* libggml.a in Frameworks */ = {isa = PBXBuildFile; fileRef = 07B462A72FA77AD7009B2513 /* libggml.a */; };
		07B462AA2FA77AF5009B2513 /* libggml-cpu.a in Frameworks */ = {isa = PBXBuildFile; fileRef = 07B462A92FA77AF5009B2513 /* libggml-cpu.a */; };
		07B462AC2FA77B6E009B2513 /* Metal.framework in Frameworks */ = {isa = PBXBuildFile; fileRef = 07B462AB2FA77B6E009B2513 /* Metal.framework */; };
		07B462AE2FA77B79009B2513 /* MetalKit.framework in Frameworks */ = {isa = PBXBuildFile; fileRef = 07B462AD2FA77B79009B2513 /* MetalKit.framework */; };
		07B462B02FA77B87009B2513 /* Accelerate.framework in Frameworks */ = {isa = PBXBuildFile; fileRef = 07B462AF2FA77B87009B2513 /* Accelerate.framework */; };
		07B462B22FA77BDB009B2513 /* ggml-base.en.bin in Resources */ = {isa = PBXBuildFile; fileRef = 07B462B12FA77BDB009B2513 /* ggml-base.en.bin */; };
		07B462BB2FA7A2F6009B2513 /* LlamaBridge.mm in Sources */ = {isa = PBXBuildFile; fileRef = 07B462BA2FA7A2F6009B2513 /* LlamaBridge.mm */; };
		8A1D01012FB1000200AA1001 /* libllama.a in Frameworks */ = {isa = PBXBuildFile; fileRef = 8A1D01022FB1000200AA1001 /* libllama.a */; };
/* End PBXBuildFile section */

/* Begin PBXContainerItemProxy section */
		07279D9B2F8AA40400A1D363 /* PBXContainerItemProxy */ = {
			isa = PBXContainerItemProxy;
			containerPortal = 07279D832F8AA40300A1D363 /* Project object */;
			proxyType = 1;
			remoteGlobalIDString = 07279D8A2F8AA40300A1D363;
			remoteInfo = ProjectLumora;
		};
		07279DA52F8AA40400A1D363 /* PBXContainerItemProxy */ = {
			isa = PBXContainerItemProxy;
			containerPortal = 07279D832F8AA40300A1D363 /* Project object */;
			proxyType = 1;
			remoteGlobalIDString = 07279D8A2F8AA40300A1D363;
			remoteInfo = ProjectLumora;
		};
/* End PBXContainerItemProxy section */

/* Begin PBXFileReference section */
		07279D8B2F8AA40300A1D363 /* ProjectLumora.app */ = {isa = PBXFileReference; explicitFileType = wrapper.application; includeInIndex = 0; path = ProjectLumora.app; sourceTree = BUILT_PRODUCTS_DIR; };
		07279D9A2F8AA40400A1D363 /* ProjectLumoraTests.xctest */ = {isa = PBXFileReference; explicitFileType = wrapper.cfbundle; includeInIndex = 0; path = ProjectLumoraTests.xctest; sourceTree = BUILT_PRODUCTS_DIR; };
		07279DA42F8AA40400A1D363 /* ProjectLumoraUITests.xctest */ = {isa = PBXFileReference; explicitFileType = wrapper.cfbundle; includeInIndex = 0; path = ProjectLumoraUITests.xctest; sourceTree = BUILT_PRODUCTS_DIR; };
		07B462862FA64859009B2513 /* WhisperBridge.h */ = {isa = PBXFileReference; lastKnownFileType = sourcecode.c.h; path = WhisperBridge.h; sourceTree = "<group>"; };
		07B462872FA64859009B2513 /* WhisperBridge.mm */ = {isa = PBXFileReference; lastKnownFileType = sourcecode.cpp.objcpp; path = WhisperBridge.mm; sourceTree = "<group>"; };
		07B462892FA648A8009B2513 /* AudioStreamManager.swift */ = {isa = PBXFileReference; lastKnownFileType = sourcecode.swift; path = AudioStreamManager.swift; sourceTree = "<group>"; };
		07B4628B2FA648A8009B2513 /* TranscriptionEngine.swift */ = {isa = PBXFileReference; lastKnownFileType = sourcecode.swift; path = TranscriptionEngine.swift; sourceTree = "<group>"; };
		07B4628D2FA648A8009B2513 /* EditorInsertionManager.swift */ = {isa = PBXFileReference; lastKnownFileType = sourcecode.swift; path = EditorInsertionManager.swift; sourceTree = "<group>"; };
		07B4628F2FA648A8009B2513 /* WhisperManager.swift */ = {isa = PBXFileReference; lastKnownFileType = sourcecode.swift; path = WhisperManager.swift; sourceTree = "<group>"; };
		07B462A32FA77A75009B2513 /* libggml-base.a */ = {isa = PBXFileReference; lastKnownFileType = archive.ar; name = "libggml-base.a"; path = "ThirdParty/llama-libs/libggml-base.a"; sourceTree = "<group>"; };
		07B462A52FA77A99009B2513 /* libwhisper.a */ = {isa = PBXFileReference; lastKnownFileType = archive.ar; name = libwhisper.a; path = ThirdParty/whisper.cpp/build/src/libwhisper.a; sourceTree = "<group>"; };
		07B462A72FA77AD7009B2513 /* libggml.a */ = {isa = PBXFileReference; lastKnownFileType = archive.ar; name = libggml.a; path = "ThirdParty/llama-libs/libggml.a"; sourceTree = "<group>"; };
		07B462A92FA77AF5009B2513 /* libggml-cpu.a */ = {isa = PBXFileReference; lastKnownFileType = archive.ar; name = "libggml-cpu.a"; path = "ThirdParty/llama-libs/libggml-cpu.a"; sourceTree = "<group>"; };
		07B462AB2FA77B6E009B2513 /* Metal.framework */ = {isa = PBXFileReference; lastKnownFileType = wrapper.framework; name = Metal.framework; path = System/Library/Frameworks/Metal.framework; sourceTree = SDKROOT; };
		07B462AD2FA77B79009B2513 /* MetalKit.framework */ = {isa = PBXFileReference; lastKnownFileType = wrapper.framework; name = MetalKit.framework; path = System/Library/Frameworks/MetalKit.framework; sourceTree = SDKROOT; };
		07B462AF2FA77B87009B2513 /* Accelerate.framework */ = {isa = PBXFileReference; lastKnownFileType = wrapper.framework; name = Accelerate.framework; path = System/Library/Frameworks/Accelerate.framework; sourceTree = SDKROOT; };
		07B462B12FA77BDB009B2513 /* ggml-base.en.bin */ = {isa = PBXFileReference; lastKnownFileType = archive.macbinary; name = "ggml-base.en.bin"; path = "../../models/ggml-base.en.bin"; sourceTree = "<group>"; };
		07B462B92FA7A2F6009B2513 /* LlamaBridge.h */ = {isa = PBXFileReference; lastKnownFileType = sourcecode.c.h; path = LlamaBridge.h; sourceTree = "<group>"; };
		07B462BA2FA7A2F6009B2513 /* LlamaBridge.mm */ = {isa = PBXFileReference; lastKnownFileType = sourcecode.cpp.objcpp; path = LlamaBridge.mm; sourceTree = "<group>"; };
		8A1D01022FB1000200AA1001 /* libllama.a */ = {isa = PBXFileReference; lastKnownFileType = archive.ar; name = libllama.a; path = "ThirdParty/llama-libs/libllama.a"; sourceTree = "<group>"; };
/* End PBXFileReference section */

/* Begin PBXFileSystemSynchronizedBuildFileExceptionSet section */
		07B462752FA4F9BE009B2513 /* Exceptions for "ProjectLumora" folder in "ProjectLumora" target */ = {
			isa = PBXFileSystemSynchronizedBuildFileExceptionSet;
			membershipExceptions = (
				Info.plist,
				Untitled.swift,
			);
			target = 07279D8A2F8AA40300A1D363 /* ProjectLumora */;
		};
/* End PBXFileSystemSynchronizedBuildFileExceptionSet section */

/* Begin PBXFileSystemSynchronizedRootGroup section */
		07279D8D2F8AA40300A1D363 /* ProjectLumora */ = {
			isa = PBXFileSystemSynchronizedRootGroup;
			exceptions = (
				07B462752FA4F9BE009B2513 /* Exceptions for "ProjectLumora" folder in "ProjectLumora" target */,
			);
			path = ProjectLumora;
			sourceTree = "<group>";
		};
		07279D9D2F8AA40400A1D363 /* ProjectLumoraTests */ = {
			isa = PBXFileSystemSynchronizedRootGroup;
			path = ProjectLumoraTests;
			sourceTree = "<group>";
		};
		07279DA72F8AA40400A1D363 /* ProjectLumoraUITests */ = {
			isa = PBXFileSystemSynchronizedRootGroup;
			path = ProjectLumoraUITests;
			sourceTree = "<group>";
		};
/* End PBXFileSystemSynchronizedRootGroup section */

/* Begin PBXFrameworksBuildPhase section */
		07279D882F8AA40300A1D363 /* Frameworks */ = {
			isa = PBXFrameworksBuildPhase;
			buildActionMask = 2147483647;
			files = (
				07B462B02FA77B87009B2513 /* Accelerate.framework in Frameworks */,
				07B462AE2FA77B79009B2513 /* MetalKit.framework in Frameworks */,
				07B462AC2FA77B6E009B2513 /* Metal.framework in Frameworks */,
				07B462AA2FA77AF5009B2513 /* libggml-cpu.a in Frameworks */,
				8A1D01012FB1000200AA1001 /* libllama.a in Frameworks */,
				07B462A82FA77AD7009B2513 /* libggml.a in Frameworks */,
				07B462A62FA77A99009B2513 /* libwhisper.a in Frameworks */,
				07B462A42FA77A75009B2513 /* libggml-base.a in Frameworks */,
			);
			runOnlyForDeploymentPostprocessing = 0;
		};
		07279D972F8AA40400A1D363 /* Frameworks */ = {
			isa = PBXFrameworksBuildPhase;
			buildActionMask = 2147483647;
			files = (
			);
			runOnlyForDeploymentPostprocessing = 0;
		};
		07279DA12F8AA40400A1D363 /* Frameworks */ = {
			isa = PBXFrameworksBuildPhase;
			buildActionMask = 2147483647;
			files = (
			);
			runOnlyForDeploymentPostprocessing = 0;
		};
/* End PBXFrameworksBuildPhase section */

/* Begin PBXGroup section */
		07279D822F8AA40300A1D363 = {
			isa = PBXGroup;
			children = (
				07B462B12FA77BDB009B2513 /* ggml-base.en.bin */,
				07B462932FA760E6009B2513 /* Models */,
				07279D9D2F8AA40400A1D363 /* ProjectLumoraTests */,
				07279DA72F8AA40400A1D363 /* ProjectLumoraUITests */,
				07279D8C2F8AA40300A1D363 /* Products */,
				07B462862FA64859009B2513 /* WhisperBridge.h */,
				07B462872FA64859009B2513 /* WhisperBridge.mm */,
				07B462892FA648A8009B2513 /* AudioStreamManager.swift */,
				07B4628F2FA648A8009B2513 /* WhisperManager.swift */,
				07B4628B2FA648A8009B2513 /* TranscriptionEngine.swift */,
				07B4628D2FA648A8009B2513 /* EditorInsertionManager.swift */,
				07279D8D2F8AA40300A1D363 /* ProjectLumora */,
				07B462A22FA77A75009B2513 /* Frameworks */,
				07B462B92FA7A2F6009B2513 /* LlamaBridge.h */,
				07B462BA2FA7A2F6009B2513 /* LlamaBridge.mm */,
			);
			sourceTree = "<group>";
		};
		07279D8C2F8AA40300A1D363 /* Products */ = {
			isa = PBXGroup;
			children = (
				07279D8B2F8AA40300A1D363 /* ProjectLumora.app */,
				07279D9A2F8AA40400A1D363 /* ProjectLumoraTests.xctest */,
				07279DA42F8AA40400A1D363 /* ProjectLumoraUITests.xctest */,
			);
			name = Products;
			sourceTree = "<group>";
		};
		07B462932FA760E6009B2513 /* Models */ = {
			isa = PBXGroup;
			children = (
			);
			path = Models;
			sourceTree = "<group>";
		};
		07B462A22FA77A75009B2513 /* Frameworks */ = {
			isa = PBXGroup;
			children = (
				07B462AF2FA77B87009B2513 /* Accelerate.framework */,
				07B462AD2FA77B79009B2513 /* MetalKit.framework */,
				07B462AB2FA77B6E009B2513 /* Metal.framework */,
				07B462A92FA77AF5009B2513 /* libggml-cpu.a */,
				8A1D01022FB1000200AA1001 /* libllama.a */,
				07B462A72FA77AD7009B2513 /* libggml.a */,
				07B462A52FA77A99009B2513 /* libwhisper.a */,
				07B462A32FA77A75009B2513 /* libggml-base.a */,
			);
			name = Frameworks;
			sourceTree = "<group>";
		};
/* End PBXGroup section */

/* Begin PBXNativeTarget section */
		07279D8A2F8AA40300A1D363 /* ProjectLumora */ = {
			isa = PBXNativeTarget;
			buildConfigurationList = 07279DAE2F8AA40400A1D363 /* Build configuration list for PBXNativeTarget "ProjectLumora" */;
			buildPhases = (
				07279D872F8AA40300A1D363 /* Sources */,
				07279D882F8AA40300A1D363 /* Frameworks */,
				07279D892F8AA40300A1D363 /* Resources */,
			);
			buildRules = (
			);
			dependencies = (
			);
			fileSystemSynchronizedGroups = (
				07279D8D2F8AA40300A1D363 /* ProjectLumora */,
			);
			name = ProjectLumora;
			packageProductDependencies = (
			);
			productName = ProjectLumora;
			productReference = 07279D8B2F8AA40300A1D363 /* ProjectLumora.app */;
			productType = "com.apple.product-type.application";
		};
		07279D992F8AA40400A1D363 /* ProjectLumoraTests */ = {
			isa = PBXNativeTarget;
			buildConfigurationList = 07279DB12F8AA40400A1D363 /* Build configuration list for PBXNativeTarget "ProjectLumoraTests" */;
			buildPhases = (
				07279D962F8AA40400A1D363 /* Sources */,
				07279D972F8AA40400A1D363 /* Frameworks */,
				07279D982F8AA40400A1D363 /* Resources */,
			);
			buildRules = (
			);
			dependencies = (
				07279D9C2F8AA40400A1D363 /* PBXTargetDependency */,
			);
			fileSystemSynchronizedGroups = (
				07279D9D2F8AA40400A1D363 /* ProjectLumoraTests */,
			);
			name = ProjectLumoraTests;
			packageProductDependencies = (
			);
			productName = ProjectLumoraTests;
			productReference = 07279D9A2F8AA40400A1D363 /* ProjectLumoraTests.xctest */;
			productType = "com.apple.product-type.bundle.unit-test";
		};
		07279DA32F8AA40400A1D363 /* ProjectLumoraUITests */ = {
			isa = PBXNativeTarget;
			buildConfigurationList = 07279DB42F8AA40400A1D363 /* Build configuration list for PBXNativeTarget "ProjectLumoraUITests" */;
			buildPhases = (
				07279DA02F8AA40400A1D363 /* Sources */,
				07279DA12F8AA40400A1D363 /* Frameworks */,
				07279DA22F8AA40400A1D363 /* Resources */,
			);
			buildRules = (
			);
			dependencies = (
				07279DA62F8AA40400A1D363 /* PBXTargetDependency */,
			);
			fileSystemSynchronizedGroups = (
				07279DA72F8AA40400A1D363 /* ProjectLumoraUITests */,
			);
			name = ProjectLumoraUITests;
			packageProductDependencies = (
			);
			productName = ProjectLumoraUITests;
			productReference = 07279DA42F8AA40400A1D363 /* ProjectLumoraUITests.xctest */;
			productType = "com.apple.product-type.bundle.ui-testing";
		};
/* End PBXNativeTarget section */

/* Begin PBXProject section */
		07279D832F8AA40300A1D363 /* Project object */ = {
			isa = PBXProject;
			attributes = {
				BuildIndependentTargetsInParallel = 1;
				LastSwiftUpdateCheck = 2640;
				LastUpgradeCheck = 2640;
				TargetAttributes = {
					07279D8A2F8AA40300A1D363 = {
						CreatedOnToolsVersion = 26.4;
					};
					07279D992F8AA40400A1D363 = {
						CreatedOnToolsVersion = 26.4;
						TestTargetID = 07279D8A2F8AA40300A1D363;
					};
					07279DA32F8AA40400A1D363 = {
						CreatedOnToolsVersion = 26.4;
						TestTargetID = 07279D8A2F8AA40300A1D363;
					};
				};
			};
			buildConfigurationList = 07279D862F8AA40300A1D363 /* Build configuration list for PBXProject "Notin" */;
			developmentRegion = en;
			hasScannedForEncodings = 0;
			knownRegions = (
				en,
				Base,
			);
			mainGroup = 07279D822F8AA40300A1D363;
			minimizedProjectReferenceProxies = 1;
			preferredProjectObjectVersion = 77;
			productRefGroup = 07279D8C2F8AA40300A1D363 /* Products */;
			projectDirPath = "";
			projectRoot = "";
			targets = (
				07279D8A2F8AA40300A1D363 /* ProjectLumora */,
				07279D992F8AA40400A1D363 /* ProjectLumoraTests */,
				07279DA32F8AA40400A1D363 /* ProjectLumoraUITests */,
			);
		};
/* End PBXProject section */

/* Begin PBXResourcesBuildPhase section */
		07279D892F8AA40300A1D363 /* Resources */ = {
			isa = PBXResourcesBuildPhase;
			buildActionMask = 2147483647;
			files = (
				07B462B22FA77BDB009B2513 /* ggml-base.en.bin in Resources */,
			);
			runOnlyForDeploymentPostprocessing = 0;
		};
		07279D982F8AA40400A1D363 /* Resources */ = {
			isa = PBXResourcesBuildPhase;
			buildActionMask = 2147483647;
			files = (
			);
			runOnlyForDeploymentPostprocessing = 0;
		};
		07279DA22F8AA40400A1D363 /* Resources */ = {
			isa = PBXResourcesBuildPhase;
			buildActionMask = 2147483647;
			files = (
			);
			runOnlyForDeploymentPostprocessing = 0;
		};
/* End PBXResourcesBuildPhase section */

/* Begin PBXSourcesBuildPhase section */
		07279D872F8AA40300A1D363 /* Sources */ = {
			isa = PBXSourcesBuildPhase;
			buildActionMask = 2147483647;
			files = (
				07B462BB2FA7A2F6009B2513 /* LlamaBridge.mm in Sources */,
				07B4628E2FA648A8009B2513 /* EditorInsertionManager.swift in Sources */,
				07B4628C2FA648A8009B2513 /* TranscriptionEngine.swift in Sources */,
				07B4628A2FA648A8009B2513 /* AudioStreamManager.swift in Sources */,
				07B462882FA64859009B2513 /* WhisperBridge.mm in Sources */,
				07B462902FA648A8009B2513 /* WhisperManager.swift in Sources */,
			);
			runOnlyForDeploymentPostprocessing = 0;
		};
		07279D962F8AA40400A1D363 /* Sources */ = {
			isa = PBXSourcesBuildPhase;
			buildActionMask = 2147483647;
			files = (
			);
			runOnlyForDeploymentPostprocessing = 0;
		};
		07279DA02F8AA40400A1D363 /* Sources */ = {
			isa = PBXSourcesBuildPhase;
			buildActionMask = 2147483647;
			files = (
			);
			runOnlyForDeploymentPostprocessing = 0;
		};
/* End PBXSourcesBuildPhase section */

/* Begin PBXTargetDependency section */
		07279D9C2F8AA40400A1D363 /* PBXTargetDependency */ = {
			isa = PBXTargetDependency;
			target = 07279D8A2F8AA40300A1D363 /* ProjectLumora */;
			targetProxy = 07279D9B2F8AA40400A1D363 /* PBXContainerItemProxy */;
		};
		07279DA62F8AA40400A1D363 /* PBXTargetDependency */ = {
			isa = PBXTargetDependency;
			target = 07279D8A2F8AA40300A1D363 /* ProjectLumora */;
			targetProxy = 07279DA52F8AA40400A1D363 /* PBXContainerItemProxy */;
		};
/* End PBXTargetDependency section */

/* Begin XCBuildConfiguration section */
		07279DAC2F8AA40400A1D363 /* Debug */ = {
			isa = XCBuildConfiguration;
			buildSettings = {
				ALWAYS_SEARCH_USER_PATHS = NO;
				ASSETCATALOG_COMPILER_GENERATE_SWIFT_ASSET_SYMBOL_EXTENSIONS = YES;
				CLANG_ANALYZER_NONNULL = YES;
				CLANG_ANALYZER_NUMBER_OBJECT_CONVERSION = YES_AGGRESSIVE;
				CLANG_CXX_LANGUAGE_STANDARD = "gnu++20";
				CLANG_ENABLE_MODULES = YES;
				CLANG_ENABLE_OBJC_ARC = YES;
				CLANG_ENABLE_OBJC_WEAK = YES;
				CLANG_WARN_BLOCK_CAPTURE_AUTORELEASING = YES;
				CLANG_WARN_BOOL_CONVERSION = YES;
				CLANG_WARN_COMMA = YES;
				CLANG_WARN_CONSTANT_CONVERSION = YES;
				CLANG_WARN_DEPRECATED_OBJC_IMPLEMENTATIONS = YES;
				CLANG_WARN_DIRECT_OBJC_ISA_USAGE = YES_ERROR;
				CLANG_WARN_DOCUMENTATION_COMMENTS = YES;
				CLANG_WARN_EMPTY_BODY = YES;
				CLANG_WARN_ENUM_CONVERSION = YES;
				CLANG_WARN_INFINITE_RECURSION = YES;
				CLANG_WARN_INT_CONVERSION = YES;
				CLANG_WARN_NON_LITERAL_NULL_CONVERSION = YES;
				CLANG_WARN_OBJC_IMPLICIT_RETAIN_SELF = YES;
				CLANG_WARN_OBJC_LITERAL_CONVERSION = YES;
				CLANG_WARN_OBJC_ROOT_CLASS = YES_ERROR;
				CLANG_WARN_QUOTED_INCLUDE_IN_FRAMEWORK_HEADER = YES;
				CLANG_WARN_RANGE_LOOP_ANALYSIS = YES;
				CLANG_WARN_STRICT_PROTOTYPES = YES;
				CLANG_WARN_SUSPICIOUS_MOVE = YES;
				CLANG_WARN_UNGUARDED_AVAILABILITY = YES_AGGRESSIVE;
				CLANG_WARN_UNREACHABLE_CODE = YES;
				CLANG_WARN__DUPLICATE_METHOD_MATCH = YES;
				COPY_PHASE_STRIP = NO;
				DEBUG_INFORMATION_FORMAT = dwarf;
				DEVELOPMENT_TEAM = DV9DU7XP4B;
				ENABLE_STRICT_OBJC_MSGSEND = YES;
				ENABLE_TESTABILITY = YES;
				ENABLE_USER_SCRIPT_SANDBOXING = YES;
				GCC_C_LANGUAGE_STANDARD = gnu17;
				GCC_DYNAMIC_NO_PIC = NO;
				GCC_NO_COMMON_BLOCKS = YES;
				GCC_OPTIMIZATION_LEVEL = 0;
				GCC_PREPROCESSOR_DEFINITIONS = (
					"DEBUG=1",
					"$(inherited)",
				);
				GCC_WARN_64_TO_32_BIT_CONVERSION = YES;
				GCC_WARN_ABOUT_RETURN_TYPE = YES_ERROR;
				GCC_WARN_UNDECLARED_SELECTOR = YES;
				GCC_WARN_UNINITIALIZED_AUTOS = YES_AGGRESSIVE;
				GCC_WARN_UNUSED_FUNCTION = YES;
				GCC_WARN_UNUSED_VARIABLE = YES;
				LOCALIZATION_PREFERS_STRING_CATALOGS = YES;
				MACOSX_DEPLOYMENT_TARGET = 26.4;
				MTL_ENABLE_DEBUG_INFO = INCLUDE_SOURCE;
				MTL_FAST_MATH = YES;
				ONLY_ACTIVE_ARCH = YES;
				SDKROOT = macosx;
				SWIFT_ACTIVE_COMPILATION_CONDITIONS = "DEBUG $(inherited)";
				SWIFT_OPTIMIZATION_LEVEL = "-Onone";
			};
			name = Debug;
		};
		07279DAD2F8AA40400A1D363 /* Release */ = {
			isa = XCBuildConfiguration;
			buildSettings = {
				ALWAYS_SEARCH_USER_PATHS = NO;
				ASSETCATALOG_COMPILER_GENERATE_SWIFT_ASSET_SYMBOL_EXTENSIONS = YES;
				CLANG_ANALYZER_NONNULL = YES;
				CLANG_ANALYZER_NUMBER_OBJECT_CONVERSION = YES_AGGRESSIVE;
				CLANG_CXX_LANGUAGE_STANDARD = "gnu++20";
				CLANG_ENABLE_MODULES = YES;
				CLANG_ENABLE_OBJC_ARC = YES;
				CLANG_ENABLE_OBJC_WEAK = YES;
				CLANG_WARN_BLOCK_CAPTURE_AUTORELEASING = YES;
				CLANG_WARN_BOOL_CONVERSION = YES;
				CLANG_WARN_COMMA = YES;
				CLANG_WARN_CONSTANT_CONVERSION = YES;
				CLANG_WARN_DEPRECATED_OBJC_IMPLEMENTATIONS = YES;
				CLANG_WARN_DIRECT_OBJC_ISA_USAGE = YES_ERROR;
				CLANG_WARN_DOCUMENTATION_COMMENTS = YES;
				CLANG_WARN_EMPTY_BODY = YES;
				CLANG_WARN_ENUM_CONVERSION = YES;
				CLANG_WARN_INFINITE_RECURSION = YES;
				CLANG_WARN_INT_CONVERSION = YES;
				CLANG_WARN_NON_LITERAL_NULL_CONVERSION = YES;
				CLANG_WARN_OBJC_IMPLICIT_RETAIN_SELF = YES;
				CLANG_WARN_OBJC_LITERAL_CONVERSION = YES;
				CLANG_WARN_OBJC_ROOT_CLASS = YES_ERROR;
				CLANG_WARN_QUOTED_INCLUDE_IN_FRAMEWORK_HEADER = YES;
				CLANG_WARN_RANGE_LOOP_ANALYSIS = YES;
				CLANG_WARN_STRICT_PROTOTYPES = YES;
				CLANG_WARN_SUSPICIOUS_MOVE = YES;
				CLANG_WARN_UNGUARDED_AVAILABILITY = YES_AGGRESSIVE;
				CLANG_WARN_UNREACHABLE_CODE = YES;
				CLANG_WARN__DUPLICATE_METHOD_MATCH = YES;
				COPY_PHASE_STRIP = NO;
				DEBUG_INFORMATION_FORMAT = "dwarf-with-dsym";
				DEVELOPMENT_TEAM = DV9DU7XP4B;
				ENABLE_NS_ASSERTIONS = NO;
				ENABLE_STRICT_OBJC_MSGSEND = YES;
				ENABLE_USER_SCRIPT_SANDBOXING = YES;
				GCC_C_LANGUAGE_STANDARD = gnu17;
				GCC_NO_COMMON_BLOCKS = YES;
				GCC_WARN_64_TO_32_BIT_CONVERSION = YES;
				GCC_WARN_ABOUT_RETURN_TYPE = YES_ERROR;
				GCC_WARN_UNDECLARED_SELECTOR = YES;
				GCC_WARN_UNINITIALIZED_AUTOS = YES_AGGRESSIVE;
				GCC_WARN_UNUSED_FUNCTION = YES;
				GCC_WARN_UNUSED_VARIABLE = YES;
				LOCALIZATION_PREFERS_STRING_CATALOGS = YES;
				MACOSX_DEPLOYMENT_TARGET = 26.4;
				MTL_ENABLE_DEBUG_INFO = NO;
				MTL_FAST_MATH = YES;
				SDKROOT = macosx;
				SWIFT_COMPILATION_MODE = wholemodule;
			};
			name = Release;
		};
		07279DAF2F8AA40400A1D363 /* Debug */ = {
			isa = XCBuildConfiguration;
			buildSettings = {
				ASSETCATALOG_COMPILER_APPICON_NAME = AppIcon;
				ASSETCATALOG_COMPILER_GLOBAL_ACCENT_COLOR_NAME = AccentColor;
				CODE_SIGN_STYLE = Automatic;
				COMBINE_HIDPI_IMAGES = YES;
				CURRENT_PROJECT_VERSION = 1;
				DEVELOPMENT_TEAM = DV9DU7XP4B;
				ENABLE_APP_SANDBOX = YES;
				ENABLE_HARDENED_RUNTIME = YES;
				ENABLE_INCOMING_NETWORK_CONNECTIONS = NO;
				ENABLE_OUTGOING_NETWORK_CONNECTIONS = NO;
				ENABLE_PREVIEWS = YES;
				ENABLE_RESOURCE_ACCESS_AUDIO_INPUT = YES;
				ENABLE_RESOURCE_ACCESS_BLUETOOTH = NO;
				ENABLE_RESOURCE_ACCESS_CALENDARS = NO;
				ENABLE_RESOURCE_ACCESS_CAMERA = NO;
				ENABLE_RESOURCE_ACCESS_CONTACTS = NO;
				ENABLE_RESOURCE_ACCESS_LOCATION = NO;
				ENABLE_RESOURCE_ACCESS_PRINTING = NO;
				ENABLE_RESOURCE_ACCESS_USB = NO;
				ENABLE_USER_SELECTED_FILES = readonly;
				GENERATE_INFOPLIST_FILE = YES;
				"HEADER_SEARCH_PATHS[arch=*]" = (
					"$(PROJECT_DIR)/ThirdParty/whisper.cpp\n$(PROJECT_DIR)/ThirdParty/whisper.cpp/ggml/src\n$(PROJECT_DIR)/ThirdParty/llama.cpp\n$(PROJECT_DIR)/ThirdParty/llama.cpp/include\n$(PROJECT_DIR)/ThirdParty/llama.cpp/ggml/include\n$(PROJECT_DIR)/ThirdParty/llama.cpp/ggml/src",
				);
				INFOPLIST_FILE = ProjectLumora/Info.plist;
				INFOPLIST_KEY_NSHumanReadableCopyright = "";
				LD_RUNPATH_SEARCH_PATHS = (
					"$(inherited)",
					"@executable_path/../Frameworks",
				);
				LIBRARY_SEARCH_PATHS = (
					"$(inherited)",
					"$(PROJECT_DIR)/ThirdParty/llama-libs",
					"$(PROJECT_DIR)/ThirdParty/whisper.cpp/build/src",
				);
				MARKETING_VERSION = 1.0;
				"MTL_HEADER_SEARCH_PATHS[sdk=*]" = "$(PROJECT_DIR)/ThirdParty/whisper.cpp\n$(PROJECT_DIR)/ThirdParty/whisper.cpp/ggml/src\n$(PROJECT_DIR)/ThirdParty/llama.cpp\n$(PROJECT_DIR)/ThirdParty/llama.cpp/include\n$(PROJECT_DIR)/ThirdParty/llama.cpp/ggml/include\n$(PROJECT_DIR)/ThirdParty/llama.cpp/ggml/src\n$(PROJECT_DIR)/ThirdParty/llama.cpp/ggml/src/ggml-metal";
				OTHER_CFLAGS = (
					"$(inherited)",
					"-DLLAMA_BRIDGE_FORCE_ENABLE=1",
				);
				OTHER_CPLUSPLUSFLAGS = (
					"$(inherited)",
					"-DLLAMA_BRIDGE_FORCE_ENABLE=1",
				);
				PRODUCT_BUNDLE_IDENTIFIER = amannair.ProjectLumora;
				PRODUCT_NAME = "$(TARGET_NAME)";
				REGISTER_APP_GROUPS = YES;
				STRING_CATALOG_GENERATE_SYMBOLS = YES;
				SWIFT_APPROACHABLE_CONCURRENCY = YES;
				SWIFT_DEFAULT_ACTOR_ISOLATION = MainActor;
				SWIFT_EMIT_LOC_STRINGS = YES;
				SWIFT_UPCOMING_FEATURE_MEMBER_IMPORT_VISIBILITY = YES;
				SWIFT_VERSION = 5.0;
			};
			name = Debug;
		};
		07279DB02F8AA40400A1D363 /* Release */ = {
			isa = XCBuildConfiguration;
			buildSettings = {
				ASSETCATALOG_COMPILER_APPICON_NAME = AppIcon;
				ASSETCATALOG_COMPILER_GLOBAL_ACCENT_COLOR_NAME = AccentColor;
				CODE_SIGN_STYLE = Automatic;
				COMBINE_HIDPI_IMAGES = YES;
				CURRENT_PROJECT_VERSION = 1;
				DEVELOPMENT_TEAM = DV9DU7XP4B;
				ENABLE_APP_SANDBOX = YES;
				ENABLE_HARDENED_RUNTIME = YES;
				ENABLE_INCOMING_NETWORK_CONNECTIONS = NO;
				ENABLE_OUTGOING_NETWORK_CONNECTIONS = NO;
				ENABLE_PREVIEWS = YES;
				ENABLE_RESOURCE_ACCESS_AUDIO_INPUT = YES;
				ENABLE_RESOURCE_ACCESS_BLUETOOTH = NO;
				ENABLE_RESOURCE_ACCESS_CALENDARS = NO;
				ENABLE_RESOURCE_ACCESS_CAMERA = NO;
				ENABLE_RESOURCE_ACCESS_CONTACTS = NO;
				ENABLE_RESOURCE_ACCESS_LOCATION = NO;
				ENABLE_RESOURCE_ACCESS_PRINTING = NO;
				ENABLE_RESOURCE_ACCESS_USB = NO;
				ENABLE_USER_SELECTED_FILES = readonly;
				GENERATE_INFOPLIST_FILE = YES;
				"HEADER_SEARCH_PATHS[arch=*]" = (
					"$(PROJECT_DIR)/ThirdParty/whisper.cpp\n$(PROJECT_DIR)/ThirdParty/whisper.cpp/ggml/src\n$(PROJECT_DIR)/ThirdParty/llama.cpp\n$(PROJECT_DIR)/ThirdParty/llama.cpp/include\n$(PROJECT_DIR)/ThirdParty/llama.cpp/ggml/include\n$(PROJECT_DIR)/ThirdParty/llama.cpp/ggml/src",
				);
				INFOPLIST_FILE = ProjectLumora/Info.plist;
				INFOPLIST_KEY_NSHumanReadableCopyright = "";
				LD_RUNPATH_SEARCH_PATHS = (
					"$(inherited)",
					"@executable_path/../Frameworks",
				);
				LIBRARY_SEARCH_PATHS = (
					"$(inherited)",
					"$(PROJECT_DIR)/ThirdParty/llama-libs",
					"$(PROJECT_DIR)/ThirdParty/whisper.cpp/build/src",
				);
				MARKETING_VERSION = 1.0;
				"MTL_HEADER_SEARCH_PATHS[sdk=*]" = "$(PROJECT_DIR)/ThirdParty/whisper.cpp\n$(PROJECT_DIR)/ThirdParty/whisper.cpp/ggml/src\n$(PROJECT_DIR)/ThirdParty/llama.cpp\n$(PROJECT_DIR)/ThirdParty/llama.cpp/include\n$(PROJECT_DIR)/ThirdParty/llama.cpp/ggml/include\n$(PROJECT_DIR)/ThirdParty/llama.cpp/ggml/src\n$(PROJECT_DIR)/ThirdParty/llama.cpp/ggml/src/ggml-metal";
				OTHER_CFLAGS = (
					"$(inherited)",
					"-DLLAMA_BRIDGE_FORCE_ENABLE=1",
				);
				OTHER_CPLUSPLUSFLAGS = (
					"$(inherited)",
					"-DLLAMA_BRIDGE_FORCE_ENABLE=1",
				);
				PRODUCT_BUNDLE_IDENTIFIER = amannair.ProjectLumora;
				PRODUCT_NAME = "$(TARGET_NAME)";
				REGISTER_APP_GROUPS = YES;
				STRING_CATALOG_GENERATE_SYMBOLS = YES;
				SWIFT_APPROACHABLE_CONCURRENCY = YES;
				SWIFT_DEFAULT_ACTOR_ISOLATION = MainActor;
				SWIFT_EMIT_LOC_STRINGS = YES;
				SWIFT_UPCOMING_FEATURE_MEMBER_IMPORT_VISIBILITY = YES;
				SWIFT_VERSION = 5.0;
			};
			name = Release;
		};
		07279DB22F8AA40400A1D363 /* Debug */ = {
			isa = XCBuildConfiguration;
			buildSettings = {
				BUNDLE_LOADER = "$(TEST_HOST)";
				CODE_SIGN_STYLE = Automatic;
				CURRENT_PROJECT_VERSION = 1;
				DEVELOPMENT_TEAM = DV9DU7XP4B;
				GENERATE_INFOPLIST_FILE = YES;
				MACOSX_DEPLOYMENT_TARGET = 26.4;
				MARKETING_VERSION = 1.0;
				PRODUCT_BUNDLE_IDENTIFIER = amannair.ProjectLumoraTests;
				PRODUCT_NAME = "$(TARGET_NAME)";
				STRING_CATALOG_GENERATE_SYMBOLS = NO;
				SWIFT_APPROACHABLE_CONCURRENCY = YES;
				SWIFT_EMIT_LOC_STRINGS = NO;
				SWIFT_UPCOMING_FEATURE_MEMBER_IMPORT_VISIBILITY = YES;
				SWIFT_VERSION = 5.0;
				TEST_HOST = "$(BUILT_PRODUCTS_DIR)/ProjectLumora.app/$(BUNDLE_EXECUTABLE_FOLDER_PATH)/ProjectLumora";
			};
			name = Debug;
		};
		07279DB32F8AA40400A1D363 /* Release */ = {
			isa = XCBuildConfiguration;
			buildSettings = {
				BUNDLE_LOADER = "$(TEST_HOST)";
				CODE_SIGN_STYLE = Automatic;
				CURRENT_PROJECT_VERSION = 1;
				DEVELOPMENT_TEAM = DV9DU7XP4B;
				GENERATE_INFOPLIST_FILE = YES;
				MACOSX_DEPLOYMENT_TARGET = 26.4;
				MARKETING_VERSION = 1.0;
				PRODUCT_BUNDLE_IDENTIFIER = amannair.ProjectLumoraTests;
				PRODUCT_NAME = "$(TARGET_NAME)";
				STRING_CATALOG_GENERATE_SYMBOLS = NO;
				SWIFT_APPROACHABLE_CONCURRENCY = YES;
				SWIFT_EMIT_LOC_STRINGS = NO;
				SWIFT_UPCOMING_FEATURE_MEMBER_IMPORT_VISIBILITY = YES;
				SWIFT_VERSION = 5.0;
				TEST_HOST = "$(BUILT_PRODUCTS_DIR)/ProjectLumora.app/$(BUNDLE_EXECUTABLE_FOLDER_PATH)/ProjectLumora";
			};
			name = Release;
		};
		07279DB52F8AA40400A1D363 /* Debug */ = {
			isa = XCBuildConfiguration;
			buildSettings = {
				CODE_SIGN_STYLE = Automatic;
				CURRENT_PROJECT_VERSION = 1;
				DEVELOPMENT_TEAM = DV9DU7XP4B;
				GENERATE_INFOPLIST_FILE = YES;
				MARKETING_VERSION = 1.0;
				PRODUCT_BUNDLE_IDENTIFIER = amannair.ProjectLumoraUITests;
				PRODUCT_NAME = "$(TARGET_NAME)";
				STRING_CATALOG_GENERATE_SYMBOLS = NO;
				SWIFT_APPROACHABLE_CONCURRENCY = YES;
				SWIFT_EMIT_LOC_STRINGS = NO;
				SWIFT_UPCOMING_FEATURE_MEMBER_IMPORT_VISIBILITY = YES;
				SWIFT_VERSION = 5.0;
				TEST_TARGET_NAME = ProjectLumora;
			};
			name = Debug;
		};
		07279DB62F8AA40400A1D363 /* Release */ = {
			isa = XCBuildConfiguration;
			buildSettings = {
				CODE_SIGN_STYLE = Automatic;
				CURRENT_PROJECT_VERSION = 1;
				DEVELOPMENT_TEAM = DV9DU7XP4B;
				GENERATE_INFOPLIST_FILE = YES;
				MARKETING_VERSION = 1.0;
				PRODUCT_BUNDLE_IDENTIFIER = amannair.ProjectLumoraUITests;
				PRODUCT_NAME = "$(TARGET_NAME)";
				STRING_CATALOG_GENERATE_SYMBOLS = NO;
				SWIFT_APPROACHABLE_CONCURRENCY = YES;
				SWIFT_EMIT_LOC_STRINGS = NO;
				SWIFT_UPCOMING_FEATURE_MEMBER_IMPORT_VISIBILITY = YES;
				SWIFT_VERSION = 5.0;
				TEST_TARGET_NAME = ProjectLumora;
			};
			name = Release;
		};
/* End XCBuildConfiguration section */

/* Begin XCConfigurationList section */
		07279D862F8AA40300A1D363 /* Build configuration list for PBXProject "Notin" */ = {
			isa = XCConfigurationList;
			buildConfigurations = (
				07279DAC2F8AA40400A1D363 /* Debug */,
				07279DAD2F8AA40400A1D363 /* Release */,
			);
			defaultConfigurationIsVisible = 0;
			defaultConfigurationName = Release;
		};
		07279DAE2F8AA40400A1D363 /* Build configuration list for PBXNativeTarget "ProjectLumora" */ = {
			isa = XCConfigurationList;
			buildConfigurations = (
				07279DAF2F8AA40400A1D363 /* Debug */,
				07279DB02F8AA40400A1D363 /* Release */,
			);
			defaultConfigurationIsVisible = 0;
			defaultConfigurationName = Release;
		};
		07279DB12F8AA40400A1D363 /* Build configuration list for PBXNativeTarget "ProjectLumoraTests" */ = {
			isa = XCConfigurationList;
			buildConfigurations = (
				07279DB22F8AA40400A1D363 /* Debug */,
				07279DB32F8AA40400A1D363 /* Release */,
			);
			defaultConfigurationIsVisible = 0;
			defaultConfigurationName = Release;
		};
		07279DB42F8AA40400A1D363 /* Build configuration list for PBXNativeTarget "ProjectLumoraUITests" */ = {
			isa = XCConfigurationList;
			buildConfigurations = (
				07279DB52F8AA40400A1D363 /* Debug */,
				07279DB62F8AA40400A1D363 /* Release */,
			);
			defaultConfigurationIsVisible = 0;
			defaultConfigurationName = Release;
		};
/* End XCConfigurationList section */
	};
	rootObject = 07279D832F8AA40300A1D363 /* Project object */;
}
